
Microsoft Visual Studio Solution File, Format Version 12.00
# Visual Studio 14
VisualStudioVersion = 14.0.25420.1
MinimumVisualStudioVersion = 10.0.40219.1
Project("{FAE04EC0-301F-11D3-BF4B-00C04F79EFBC}") = "log4net.Filter.FuzzyStringFilter", "log4net.Filter.FuzzyStringFilter\log4net.Filter.FuzzyStringFilter.csproj", "{8636344A-E3CB-454B-AEE1-85B0929CE3D0}"
EndProject
Project("{FAE04EC0-301F-11D3-BF4B-00C04F79EFBC}") = "log4net.Filter.FuzzyStringFilter.Tests", "log4net.Filter.FuzzyStringFilter.Tests\log4net.Filter.FuzzyStringFilter.Tests.csproj", "{3F0824AF-3BF7-422A-A444-10D90F0E144B}"
EndProject
Global
	GlobalSection(SolutionConfigurationPlatforms) = preSolution
		Debug|Any CPU = Debug|Any CPU
		Release|Any CPU = Release|Any CPU
	EndGlobalSection
	GlobalSection(ProjectConfigurationPlatforms) = postSolution
		{8636344A-E3CB-454B-AEE1-85B0929CE3D0}.Debug|Any CPU.ActiveCfg = Debug|Any CPU
		{8636344A-E3CB-454B-AEE1-85B0929CE3D0}.Debug|Any CPU.Build.0 = Debug|Any CPU
		{8636344A-E3CB-454B-AEE1-85B0929CE3D0}.Release|Any CPU.ActiveCfg = Release|Any CPU
		{8636344A-E3CB-454B-AEE1-85B0929CE3D0}.Release|Any CPU.Build.0 = Release|Any CPU
		{3F0824AF-3BF7-422A-A444-10D90F0E144B}.Debug|Any CPU.ActiveCfg = Debug|Any CPU
		{3F0824AF-3BF7-422A-A444-10D90F0E144B}.Debug|Any CPU.Build.0 = Debug|Any CPU
		{3F0824AF-3BF7-422A-A444-10D90F0E144B}.Release|Any CPU.ActiveCfg = Release|Any CPU
		{3F0824AF-3BF7-422A-A444-10D90F0E144B}.Release|Any CPU.Build.0 = Release|Any CPU
	EndGlobalSection
	GlobalSection(SolutionProperties) = preSolution
		HideSolutionNode = FALSE
	EndGlobalSection
EndGlobal
